// !$*UTF8*$!
{
	archiveVersion = 1;
	classes = {
	};
	objectVersion = 50;
	objects = {

/* Begin PBXBuildFile section */
		3880734E22E4DC1000DF0385 /* DataUtil.swift in Sources */ = {isa = PBXBuildFile; fileRef = 3880734D22E4DC1000DF0385 /* DataUtil.swift */; };
		38A665BD22E15D9800F35C40 /* AppDelegate.swift in Sources */ = {isa = PBXBuildFile; fileRef = 38A665BC22E15D9800F35C40 /* AppDelegate.swift */; };
		38A665BF22E15D9800F35C40 /* SceneDelegate.swift in Sources */ = {isa = PBXBuildFile; fileRef = 38A665BE22E15D9800F35C40 /* SceneDelegate.swift */; };
		38A665C122E15D9800F35C40 /* ViewController.swift in Sources */ = {isa = PBXBuildFile; fileRef = 38A665C022E15D9800F35C40 /* ViewController.swift */; };
		38A665C422E15D9800F35C40 /* Main.storyboard in Resources */ = {isa = PBXBuildFile; fileRef = 38A665C222E15D9800F35C40 /* Main.storyboard */; };
		38A665C622E15D9900F35C40 /* Assets.xcassets in Resources */ = {isa = PBXBuildFile; fileRef = 38A665C522E15D9900F35C40 /* Assets.xcassets */; };
		38A665C922E15D9900F35C40 /* LaunchScreen.storyboard in Resources */ = {isa = PBXBuildFile; fileRef = 38A665C722E15D9900F35C40 /* LaunchScreen.storyboard */; };
		38F03C9722E2A09300D32355 /* NFCWriter.swift in Sources */ = {isa = PBXBuildFile; fileRef = 38F03C9622E2A09300D32355 /* NFCWriter.swift */; };
		38F03C9922E2B2CA00D32355 /* NFCMessageEncoder.swift in Sources */ = {isa = PBXBuildFile; fileRef = 38F03C9822E2B2CA00D32355 /* NFCMessageEncoder.swift */; };
		38F03C9B22E2B2ED00D32355 /* NFCReader.swift in Sources */ = {isa = PBXBuildFile; fileRef = 38F03C9A22E2B2ED00D32355 /* NFCReader.swift */; };
		38F03C9D22E2B37400D32355 /* NFCMessageDecoder.swift in Sources */ = {isa = PBXBuildFile; fileRef = 38F03C9C22E2B37400D32355 /* NFCMessageDecoder.swift */; };
/* End PBXBuildFile section */

/* Begin PBXFileReference section */
		3880734D22E4DC1000DF0385 /* DataUtil.swift */ = {isa = PBXFileReference; lastKnownFileType = sourcecode.swift; path = DataUtil.swift; sourceTree = "<group>"; };
		38A665B922E15D9800F35C40 /* NFCMusic.app */ = {isa = PBXFileReference; explicitFileType = wrapper.application; includeInIndex = 0; path = NFCMusic.app; sourceTree = BUILT_PRODUCTS_DIR; };
		38A665BC22E15D9800F35C40 /* AppDelegate.swift */ = {isa = PBXFileReference; lastKnownFileType = sourcecode.swift; path = AppDelegate.swift; sourceTree = "<group>"; };
		38A665BE22E15D9800F35C40 /* SceneDelegate.swift */ = {isa = PBXFileReference; lastKnownFileType = sourcecode.swift; path = SceneDelegate.swift; sourceTree = "<group>"; };
		38A665C022E15D9800F35C40 /* ViewController.swift */ = {isa = PBXFileReference; lastKnownFileType = sourcecode.swift; path = ViewController.swift; sourceTree = "<group>"; };
		38A665C322E15D9800F35C40 /* Base */ = {isa = PBXFileReference; lastKnownFileType = file.storyboard; name = Base; path = Base.lproj/Main.storyboard; sourceTree = "<group>"; };
		38A665C522E15D9900F35C40 /* Assets.xcassets */ = {isa = PBXFileReference; lastKnownFileType = folder.assetcatalog; path = Assets.xcassets; sourceTree = "<group>"; };
		38A665C822E15D9900F35C40 /* Base */ = {isa = PBXFileReference; lastKnownFileType = file.storyboard; name = Base; path = Base.lproj/LaunchScreen.storyboard; sourceTree = "<group>"; };
		38A665CA22E15D9900F35C40 /* Info.plist */ = {isa = PBXFileReference; lastKnownFileType = text.plist.xml; path = Info.plist; sourceTree = "<group>"; };
		38A665D022E15ECC00F35C40 /* NFCMusic.entitlements */ = {isa = PBXFileReference; fileEncoding = 4; lastKnownFileType = text.plist.entitlements; path = NFCMusic.entitlements; sourceTree = "<group>"; };
		38F03C9622E2A09300D32355 /* NFCWriter.swift */ = {isa = PBXFileReference; lastKnownFileType = sourcecode.swift; path = NFCWriter.swift; sourceTree = "<group>"; };
		38F03C9822E2B2CA00D32355 /* NFCMessageEncoder.swift */ = {isa = PBXFileReference; lastKnownFileType = sourcecode.swift; path = NFCMessageEncoder.swift; sourceTree = "<group>"; };
		38F03C9A22E2B2ED00D32355 /* NFCReader.swift */ = {isa = PBXFileReference; lastKnownFileType = sourcecode.swift; path = NFCReader.swift; sourceTree = "<group>"; };
		38F03C9C22E2B37400D32355 /* NFCMessageDecoder.swift */ = {isa = PBXFileReference; lastKnownFileType = sourcecode.swift; path = NFCMessageDecoder.swift; sourceTree = "<group>"; };
/* End PBXFileReference section */

/* Begin PBXFrameworksBuildPhase section */
		38A665B622E15D9800F35C40 /* Frameworks */ = {
			isa = PBXFrameworksBuildPhase;
			buildActionMask = 2147483647;
			files = (
			);
			runOnlyForDeploymentPostprocessing = 0;
		};
/* End PBXFrameworksBuildPhase section */

/* Begin PBXGroup section */
		3880734C22E4DBD700DF0385 /* Utilities */ = {
			isa = PBXGroup;
			children = (
				3880734D22E4DC1000DF0385 /* DataUtil.swift */,
			);
			path = Utilities;
			sourceTree = "<group>";
		};
		38A665B022E15D9800F35C40 = {
			isa = PBXGroup;
			children = (
				38A665BB22E15D9800F35C40 /* NFCMusic */,
				38A665BA22E15D9800F35C40 /* Products */,
			);
			sourceTree = "<group>";
		};
		38A665BA22E15D9800F35C40 /* Products */ = {
			isa = PBXGroup;
			children = (
				38A665B922E15D9800F35C40 /* NFCMusic.app */,
			);
			name = Products;
			sourceTree = "<group>";
		};
		38A665BB22E15D9800F35C40 /* NFCMusic */ = {
			isa = PBXGroup;
			children = (
				3880734C22E4DBD700DF0385 /* Utilities */,
				38F03C9522E2A05A00D32355 /* NFC */,
				38A665D022E15ECC00F35C40 /* NFCMusic.entitlements */,
				38A665BC22E15D9800F35C40 /* AppDelegate.swift */,
				38A665BE22E15D9800F35C40 /* SceneDelegate.swift */,
				38A665C022E15D9800F35C40 /* ViewController.swift */,
				38A665C222E15D9800F35C40 /* Main.storyboard */,
				38A665C522E15D9900F35C40 /* Assets.xcassets */,
				38A665C722E15D9900F35C40 /* LaunchScreen.storyboard */,
				38A665CA22E15D9900F35C40 /* Info.plist */,
			);
			path = NFCMusic;
			sourceTree = "<group>";
		};
		38F03C9522E2A05A00D32355 /* NFC */ = {
			isa = PBXGroup;
			children = (
				38F03C9622E2A09300D32355 /* NFCWriter.swift */,
				38F03C9A22E2B2ED00D32355 /* NFCReader.swift */,
				38F03C9822E2B2CA00D32355 /* NFCMessageEncoder.swift */,
				38F03C9C22E2B37400D32355 /* NFCMessageDecoder.swift */,
			);
			path = NFC;
			sourceTree = "<group>";
		};
/* End PBXGroup section */

/* Begin PBXNativeTarget section */
		38A665B822E15D9800F35C40 /* NFCMusic */ = {
			isa = PBXNativeTarget;
			buildConfigurationList = 38A665CD22E15D9900F35C40 /* Build configuration list for PBXNativeTarget "NFCMusic" */;
			buildPhases = (
				38A665B522E15D9800F35C40 /* Sources */,
				38A665B622E15D9800F35C40 /* Frameworks */,
				38A665B722E15D9800F35C40 /* Resources */,
			);
			buildRules = (
			);
			dependencies = (
			);
			name = NFCMusic;
			productName = NFCMusic;
			productReference = 38A665B922E15D9800F35C40 /* NFCMusic.app */;
			productType = "com.apple.product-type.application";
		};
/* End PBXNativeTarget section */

/* Begin PBXProject section */
		38A665B122E15D9800F35C40 /* Project object */ = {
			isa = PBXProject;
			attributes = {
				LastSwiftUpdateCheck = 1100;
				LastUpgradeCheck = 1100;
				ORGANIZATIONNAME = "Detroit Labs LLC";
				TargetAttributes = {
					38A665B822E15D9800F35C40 = {
						CreatedOnToolsVersion = 11.0;
					};
				};
			};
			buildConfigurationList = 38A665B422E15D9800F35C40 /* Build configuration list for PBXProject "NFCMusic" */;
			compatibilityVersion = "Xcode 9.3";
			developmentRegion = en;
			hasScannedForEncodings = 0;
			knownRegions = (
				en,
				Base,
			);
			mainGroup = 38A665B022E15D9800F35C40;
			productRefGroup = 38A665BA22E15D9800F35C40 /* Products */;
			projectDirPath = "";
			projectRoot = "";
			targets = (
				38A665B822E15D9800F35C40 /* NFCMusic */,
			);
		};
/* End PBXProject section */

/* Begin PBXResourcesBuildPhase section */
		38A665B722E15D9800F35C40 /* Resources */ = {
			isa = PBXResourcesBuildPhase;
			buildActionMask = 2147483647;
			files = (
				38A665C922E15D9900F35C40 /* LaunchScreen.storyboard in Resources */,
				38A665C622E15D9900F35C40 /* Assets.xcassets in Resources */,
				38A665C422E15D9800F35C40 /* Main.storyboard in Resources */,
			);
			runOnlyForDeploymentPostprocessing = 0;
		};
/* End PBXResourcesBuildPhase section */

/* Begin PBXSourcesBuildPhase section */
		38A665B522E15D9800F35C40 /* Sources */ = {
			isa = PBXSourcesBuildPhase;
			buildActionMask = 2147483647;
			files = (
				38F03C9D22E2B37400D32355 /* NFCMessageDecoder.swift in Sources */,
				3880734E22E4DC1000DF0385 /* DataUtil.swift in Sources */,
				38A665C122E15D9800F35C40 /* ViewController.swift in Sources */,
				38F03C9922E2B2CA00D32355 /* NFCMessageEncoder.swift in Sources */,
				38F03C9B22E2B2ED00D32355 /* NFCReader.swift in Sources */,
				38A665BD22E15D9800F35C40 /* AppDelegate.swift in Sources */,
				38F03C9722E2A09300D32355 /* NFCWriter.swift in Sources */,
				38A665BF22E15D9800F35C40 /* SceneDelegate.swift in Sources */,
			);
			runOnlyForDeploymentPostprocessing = 0;
		};
/* End PBXSourcesBuildPhase section */

/* Begin PBXVariantGroup section */
		38A665C222E15D9800F35C40 /* Main.storyboard */ = {
			isa = PBXVariantGroup;
			children = (
				38A665C322E15D9800F35C40 /* Base */,
			);
			name = Main.storyboard;
			sourceTree = "<group>";
		};
		38A665C722E15D9900F35C40 /* LaunchScreen.storyboard */ = {
			isa = PBXVariantGroup;
			children = (
				38A665C822E15D9900F35C40 /* Base */,
			);
			name = LaunchScreen.storyboard;
			sourceTree = "<group>";
		};
/* End PBXVariantGroup section */

/* Begin XCBuildConfiguration section */
		38A665CB22E15D9900F35C40 /* Debug */ = {
			isa = XCBuildConfiguration;
			buildSettings = {
				ALWAYS_SEARCH_USER_PATHS = NO;
				CLANG_ANALYZER_NONNULL = YES;
				CLANG_ANALYZER_NUMBER_OBJECT_CONVERSION = YES_AGGRESSIVE;
				CLANG_CXX_LANGUAGE_STANDARD = "gnu++14";
				CLANG_CXX_LIBRARY = "libc++";
				CLANG_ENABLE_MODULES = YES;
				CLANG_ENABLE_OBJC_ARC = YES;
				CLANG_ENABLE_OBJC_WEAK = YES;
				CLANG_WARN_BLOCK_CAPTURE_AUTORELEASING = YES;
				CLANG_WARN_BOOL_CONVERSION = YES;
				CLANG_WARN_COMMA = YES;
				CLANG_WARN_CONSTANT_CONVERSION = YES;
				CLANG_WARN_DEPRECATED_OBJC_IMPLEMENTATIONS = YES;
				CLANG_WARN_DIRECT_OBJC_ISA_USAGE = YES_ERROR;
				CLANG_WARN_DOCUMENTATION_COMMENTS = YES;
				CLANG_WARN_EMPTY_BODY = YES;
				CLANG_WARN_ENUM_CONVERSION = YES;
				CLANG_WARN_INFINITE_RECURSION = YES;
				CLANG_WARN_INT_CONVERSION = YES;
				CLANG_WARN_NON_LITERAL_NULL_CONVERSION = YES;
				CLANG_WARN_OBJC_IMPLICIT_RETAIN_SELF = YES;
				CLANG_WARN_OBJC_LITERAL_CONVERSION = YES;
				CLANG_WARN_OBJC_ROOT_CLASS = YES_ERROR;
				CLANG_WARN_RANGE_LOOP_ANALYSIS = YES;
				CLANG_WARN_STRICT_PROTOTYPES = YES;
				CLANG_WARN_SUSPICIOUS_MOVE = YES;
				CLANG_WARN_UNGUARDED_AVAILABILITY = YES_AGGRESSIVE;
				CLANG_WARN_UNREACHABLE_CODE = YES;
				CLANG_WARN__DUPLICATE_METHOD_MATCH = YES;
				COPY_PHASE_STRIP = NO;
				DEBUG_INFORMATION_FORMAT = dwarf;
				ENABLE_STRICT_OBJC_MSGSEND = YES;
				ENABLE_TESTABILITY = YES;
				GCC_C_LANGUAGE_STANDARD = gnu11;
				GCC_DYNAMIC_NO_PIC = NO;
				GCC_NO_COMMON_BLOCKS = YES;
				GCC_OPTIMIZATION_LEVEL = 0;
				GCC_PREPROCESSOR_DEFINITIONS = (
					"DEBUG=1",
					"$(inherited)",
				);
				GCC_WARN_64_TO_32_BIT_CONVERSION = YES;
				GCC_WARN_ABOUT_RETURN_TYPE = YES_ERROR;
				GCC_WARN_UNDECLARED_SELECTOR = YES;
				GCC_WARN_UNINITIALIZED_AUTOS = YES_AGGRESSIVE;
				GCC_WARN_UNUSED_FUNCTION = YES;
				GCC_WARN_UNUSED_VARIABLE = YES;
				IPHONEOS_DEPLOYMENT_TARGET = 13.0;
				MTL_ENABLE_DEBUG_INFO = INCLUDE_SOURCE;
				MTL_FAST_MATH = YES;
				ONLY_ACTIVE_ARCH = YES;
				SDKROOT = iphoneos;
				SWIFT_ACTIVE_COMPILATION_CONDITIONS = DEBUG;
				SWIFT_OPTIMIZATION_LEVEL = "-Onone";
			};
			name = Debug;
		};
		38A665CC22E15D9900F35C40 /* Release */ = {
			isa = XCBuildConfiguration;
			buildSettings = {
				ALWAYS_SEARCH_USER_PATHS = NO;
				CLANG_ANALYZER_NONNULL = YES;
				CLANG_ANALYZER_NUMBER_OBJECT_CONVERSION = YES_AGGRESSIVE;
				CLANG_CXX_LANGUAGE_STANDARD = "gnu++14";
				CLANG_CXX_LIBRARY = "libc++";
				CLANG_ENABLE_MODULES = YES;
				CLANG_ENABLE_OBJC_ARC = YES;
				CLANG_ENABLE_OBJC_WEAK = YES;
				CLANG_WARN_BLOCK_CAPTURE_AUTORELEASING = YES;
				CLANG_WARN_BOOL_CONVERSION = YES;
				CLANG_WARN_COMMA = YES;
				CLANG_WARN_CONSTANT_CONVERSION = YES;
				CLANG_WARN_DEPRECATED_OBJC_IMPLEMENTATIONS = YES;
				CLANG_WARN_DIRECT_OBJC_ISA_USAGE = YES_ERROR;
				CLANG_WARN_DOCUMENTATION_COMMENTS = YES;
				CLANG_WARN_EMPTY_BODY = YES;
				CLANG_WARN_ENUM_CONVERSION = YES;
				CLANG_WARN_INFINITE_RECURSION = YES;
				CLANG_WARN_INT_CONVERSION = YES;
				CLANG_WARN_NON_LITERAL_NULL_CONVERSION = YES;
				CLANG_WARN_OBJC_IMPLICIT_RETAIN_SELF = YES;
				CLANG_WARN_OBJC_LITERAL_CONVERSION = YES;
				CLANG_WARN_OBJC_ROOT_CLASS = YES_ERROR;
				CLANG_WARN_RANGE_LOOP_ANALYSIS = YES;
				CLANG_WARN_STRICT_PROTOTYPES = YES;
				CLANG_WARN_SUSPICIOUS_MOVE = YES;
				CLANG_WARN_UNGUARDED_AVAILABILITY = YES_AGGRESSIVE;
				CLANG_WARN_UNREACHABLE_CODE = YES;
				CLANG_WARN__DUPLICATE_METHOD_MATCH = YES;
				COPY_PHASE_STRIP = NO;
				DEBUG_INFORMATION_FORMAT = "dwarf-with-dsym";
				ENABLE_NS_ASSERTIONS = NO;
				ENABLE_STRICT_OBJC_MSGSEND = YES;
				GCC_C_LANGUAGE_STANDARD = gnu11;
				GCC_NO_COMMON_BLOCKS = YES;
				GCC_WARN_64_TO_32_BIT_CONVERSION = YES;
				GCC_WARN_ABOUT_RETURN_TYPE = YES_ERROR;
				GCC_WARN_UNDECLARED_SELECTOR = YES;
				GCC_WARN_UNINITIALIZED_AUTOS = YES_AGGRESSIVE;
				GCC_WARN_UNUSED_FUNCTION = YES;
				GCC_WARN_UNUSED_VARIABLE = YES;
				IPHONEOS_DEPLOYMENT_TARGET = 13.0;
				MTL_ENABLE_DEBUG_INFO = NO;
				MTL_FAST_MATH = YES;
				SDKROOT = iphoneos;
				SWIFT_COMPILATION_MODE = wholemodule;
				SWIFT_OPTIMIZATION_LEVEL = "-O";
				VALIDATE_PRODUCT = YES;
			};
			name = Release;
		};
		38A665CE22E15D9900F35C40 /* Debug */ = {
			isa = XCBuildConfiguration;
			buildSettings = {
				ASSETCATALOG_COMPILER_APPICON_NAME = AppIcon;
				CODE_SIGN_ENTITLEMENTS = NFCMusic/NFCMusic.entitlements;
				CODE_SIGN_STYLE = Automatic;
				DEVELOPMENT_TEAM = 6ZX8Q22G36;
				INFOPLIST_FILE = NFCMusic/Info.plist;
				LD_RUNPATH_SEARCH_PATHS = (
					"$(inherited)",
					"@executable_path/Frameworks",
				);
				PRODUCT_BUNDLE_IDENTIFIER = com.tolkiana.NFCMusic;
				PRODUCT_NAME = "$(TARGET_NAME)";
				SWIFT_VERSION = 5.0;
				TARGETED_DEVICE_FAMILY = "1,2";
			};
			name = Debug;
		};
		38A665CF22E15D9900F35C40 /* Release */ = {
			isa = XCBuildConfiguration;
			buildSettings = {
				ASSETCATALOG_COMPILER_APPICON_NAME = AppIcon;
				CODE_SIGN_ENTITLEMENTS = NFCMusic/NFCMusic.entitlements;
				CODE_SIGN_STYLE = Automatic;
				DEVELOPMENT_TEAM = 6ZX8Q22G36;
				INFOPLIST_FILE = NFCMusic/Info.plist;
				LD_RUNPATH_SEARCH_PATHS = (
					"$(inherited)",
					"@executable_path/Frameworks",
				);
				PRODUCT_BUNDLE_IDENTIFIER = com.tolkiana.NFCMusic;
				PRODUCT_NAME = "$(TARGET_NAME)";
				SWIFT_VERSION = 5.0;
				TARGETED_DEVICE_FAMILY = "1,2";
			};
			name = Release;
		};
/* End XCBuildConfiguration section */

/* Begin XCConfigurationList section */
		38A665B422E15D9800F35C40 /* Build configuration list for PBXProject "NFCMusic" */ = {
			isa = XCConfigurationList;
			buildConfigurations = (
				38A665CB22E15D9900F35C40 /* Debug */,
				38A665CC22E15D9900F35C40 /* Release */,
			);
			defaultConfigurationIsVisible = 0;
			defaultConfigurationName = Release;
		};
		38A665CD22E15D9900F35C40 /* Build configuration list for PBXNativeTarget "NFCMusic" */ = {
			isa = XCConfigurationList;
			buildConfigurations = (
				38A665CE22E15D9900F35C40 /* Debug */,
				38A665CF22E15D9900F35C40 /* Release */,
			);
			defaultConfigurationIsVisible = 0;
			defaultConfigurationName = Release;
		};
/* End XCConfigurationList section */
	};
	rootObject = 38A665B122E15D9800F35C40 /* Project object */;
}
